
Microsoft Visual Studio Solution File, Format Version 12.00
# Visual Studio Version 16
VisualStudioVersion = 16.0.29519.181
MinimumVisualStudioVersion = 10.0.40219.1
Project("{FAE04EC0-301F-11D3-BF4B-00C04F79EFBC}") = "csharpbasics 1", "csharpbasics 1.csproj", "{14396C82-7A86-4471-B66E-92A1DD6435B2}"
EndProject
Global
	GlobalSection(SolutionConfigurationPlatforms) = preSolution
		Debug|Any CPU = Debug|Any CPU
		Release|Any CPU = Release|Any CPU
	EndGlobalSection
	GlobalSection(ProjectConfigurationPlatforms) = postSolution
		{14396C82-7A86-4471-B66E-92A1DD6435B2}.Debug|Any CPU.ActiveCfg = Debug|Any CPU
		{14396C82-7A86-4471-B66E-92A1DD6435B2}.Debug|Any CPU.Build.0 = Debug|Any CPU
		{14396C82-7A86-4471-B66E-92A1DD6435B2}.Release|Any CPU.ActiveCfg = Release|Any CPU
		{14396C82-7A86-4471-B66E-92A1DD6435B2}.Release|Any CPU.Build.0 = Release|Any CPU
	EndGlobalSection
	GlobalSection(SolutionProperties) = preSolution
		HideSolutionNode = FALSE
	EndGlobalSection
	GlobalSection(ExtensibilityGlobals) = postSolution
		SolutionGuid = {66F797BE-674A-46D9-8759-D7D7D8A06FEA}
	EndGlobalSection
EndGlobal
